<?xml version="1.0" encoding="utf-8"?>
<Project ToolsVersion="4.0" xmlns="http://schemas.microsoft.com/developer/msbuild/2003">
  <ItemGroup>
    <Filter Include="Sources">
      <UniqueIdentifier>{8b7ed093-66ce-4096-96d2-fbb9faa4bf52}</UniqueIdentifier>
    </Filter>
    <Filter Include="Sources\Modules">
      <UniqueIdentifier>{7b418be2-1631-4a31-9ef2-8a8b234a7339}</UniqueIdentifier>
    </Filter>
    <Filter Include="Sources\Containers">
      <UniqueIdentifier>{afc36133-f401-499a-aa33-0da1e500fb52}</UniqueIdentifier>
    </Filter>
    <Filter Include="Sources\Tools">
      <UniqueIdentifier>{7e4dfaf7-022c-4f7d-92aa-f3b3fa9d6248}</UniqueIdentifier>
    </Filter>
    <Filter Include="Sources\Helpers">
      <UniqueIdentifier>{121f8e6b-df36-4ab0-be0d-601ddfc9e503}</UniqueIdentifier>
    </Filter>
    <Filter Include="Sources\Snippets">
      <UniqueIdentifier>{9854e5a4-924a-487e-b1ca-44ff255ea020}</UniqueIdentifier>
    </Filter>
    <Filter Include="Resources">
      <UniqueIdentifier>{e38c5204-abc5-4c81-b487-730d5b20b914}</UniqueIdentifier>
    </Filter>
    <Filter Include="Resources\Imgui">
      <UniqueIdentifier>{d56418a9-c7aa-4cf6-a2f7-9013c999c61d}</UniqueIdentifier>
    </Filter>
    <Filter Include="Resources\MathGeoLib">
      <UniqueIdentifier>{8a548cac-3b53-4046-885f-ea40d1d224af}</UniqueIdentifier>
    </Filter>
    <Filter Include="Sources\Tools\Math">
      <UniqueIdentifier>{5fca777f-6ea2-40e3-9863-b141c549a0dd}</UniqueIdentifier>
    </Filter>
    <Filter Include="Sources\Tools\Random">
      <UniqueIdentifier>{b5fe1a57-2400-4088-8526-cc412e9485a0}</UniqueIdentifier>
    </Filter>
    <Filter Include="Resources\MathGeoLib\src">
      <UniqueIdentifier>{3726e3fc-c613-4c11-b311-1c20f8bca293}</UniqueIdentifier>
    </Filter>
    <Filter Include="Sources\Tools\JSON">
      <UniqueIdentifier>{7041d670-191a-471f-9f17-47e7655d0ef7}</UniqueIdentifier>
    </Filter>
    <Filter Include="Resources\OpenGl">
      <UniqueIdentifier>{0f9cb66f-d7db-4de7-af58-e97b6a9749ed}</UniqueIdentifier>
    </Filter>
    <Filter Include="Sources\Editor">
      <UniqueIdentifier>{da3792d0-25f0-4230-9db6-53a2648766f9}</UniqueIdentifier>
    </Filter>
    <Filter Include="Sources\Editor\Bar">
      <UniqueIdentifier>{218506d9-9f42-4acd-8c35-a8226bd37dd7}</UniqueIdentifier>
    </Filter>
    <Filter Include="Sources\Editor\WinConsole">
      <UniqueIdentifier>{870343f2-96eb-405d-88b5-dfe6dccda506}</UniqueIdentifier>
    </Filter>
    <Filter Include="Sources\Editor\WinConfiguration">
      <UniqueIdentifier>{8f3acd83-e9d6-454c-bd0f-f44a986a5dc4}</UniqueIdentifier>
    </Filter>
    <Filter Include="Sources\Editor\WinProperties">
      <UniqueIdentifier>{05bddb7d-83ec-4e91-acee-76b47db9ab40}</UniqueIdentifier>
    </Filter>
    <Filter Include="Sources\Editor\ImGuiDemo">
      <UniqueIdentifier>{9a8e33e9-bdef-4dba-a853-937551104a65}</UniqueIdentifier>
    </Filter>
    <Filter Include="Sources\Helpers\Light">
      <UniqueIdentifier>{310110be-4616-49f7-a240-e3edfca3f327}</UniqueIdentifier>
    </Filter>
    <Filter Include="Sources\Helpers\Primitive">
      <UniqueIdentifier>{bef622ae-1d1a-497f-a04e-7d00290c436e}</UniqueIdentifier>
    </Filter>
    <Filter Include="Sources\Modules\ModuleCamera3D">
      <UniqueIdentifier>{de4e22dd-09c7-46ec-b34d-92a483049d93}</UniqueIdentifier>
    </Filter>
    <Filter Include="Sources\Modules\ModuleEditor">
      <UniqueIdentifier>{58bc7f7d-29a2-4926-ad09-0ff8ddaa365d}</UniqueIdentifier>
    </Filter>
    <Filter Include="Sources\Modules\ModuleFBXLoader">
      <UniqueIdentifier>{39b098ec-dd33-47eb-9c85-85d9f905744a}</UniqueIdentifier>
    </Filter>
    <Filter Include="Sources\Modules\ModuleFileSystem">
      <UniqueIdentifier>{5bf13e10-1caf-4bf0-a6a9-2c0045da7613}</UniqueIdentifier>
    </Filter>
    <Filter Include="Sources\Modules\ModuleInput">
      <UniqueIdentifier>{3af7ddbc-fec8-4338-a776-867b0c540a04}</UniqueIdentifier>
    </Filter>
    <Filter Include="Sources\Modules\ModuleRenderer3D">
      <UniqueIdentifier>{6a20f0f5-5534-493c-b1d7-69665dcab51f}</UniqueIdentifier>
    </Filter>
    <Filter Include="Sources\Modules\ModuleSceneEdit">
      <UniqueIdentifier>{ab6cc103-cd8d-4367-8900-0ba31a8e77bd}</UniqueIdentifier>
    </Filter>
    <Filter Include="Sources\Modules\ModuleWindow">
      <UniqueIdentifier>{025ba0a2-be48-4034-9a3d-6d41a9ae3919}</UniqueIdentifier>
    </Filter>
    <Filter Include="Sources\Components">
      <UniqueIdentifier>{772ce4a9-1478-4590-8b05-5e90bff59fc9}</UniqueIdentifier>
    </Filter>
    <Filter Include="Sources\Editor\WinHierarchy">
      <UniqueIdentifier>{5a10807c-58b9-4b7f-99a0-6342f842e15f}</UniqueIdentifier>
    </Filter>
    <Filter Include="Sources\Importer">
      <UniqueIdentifier>{cd546929-d50f-409e-835f-60da8fa6c0aa}</UniqueIdentifier>
    </Filter>
  </ItemGroup>
  <ItemGroup>
    <ClInclude Include="Module.h">
      <Filter>Sources\Modules</Filter>
    </ClInclude>
    <ClInclude Include="p2Point.h">
      <Filter>Sources\Containers</Filter>
    </ClInclude>
    <ClInclude Include="glmath.h">
      <Filter>Sources\Containers</Filter>
    </ClInclude>
    <ClInclude Include="Application.h">
      <Filter>Sources</Filter>
    </ClInclude>
    <ClInclude Include="Globals.h">
      <Filter>Sources</Filter>
    </ClInclude>
    <ClInclude Include="Color.h">
      <Filter>Sources\Containers</Filter>
    </ClInclude>
    <ClInclude Include="Timer.h">
      <Filter>Sources\Tools</Filter>
    </ClInclude>
    <ClInclude Include="Imgui\imconfig.h">
      <Filter>Resources\Imgui</Filter>
    </ClInclude>
    <ClInclude Include="Imgui\imgui.h">
      <Filter>Resources\Imgui</Filter>
    </ClInclude>
    <ClInclude Include="Imgui\imgui_impl_sdl_gl3.h">
      <Filter>Resources\Imgui</Filter>
    </ClInclude>
    <ClInclude Include="Imgui\imgui_internal.h">
      <Filter>Resources\Imgui</Filter>
    </ClInclude>
    <ClInclude Include="Imgui\stb_rect_pack.h">
      <Filter>Resources\Imgui</Filter>
    </ClInclude>
    <ClInclude Include="Imgui\stb_textedit.h">
      <Filter>Resources\Imgui</Filter>
    </ClInclude>
    <ClInclude Include="Imgui\stb_truetype.h">
      <Filter>Resources\Imgui</Filter>
    </ClInclude>
    <ClInclude Include="MathGeoLib\Include\MathGeoLib.h">
      <Filter>Resources\MathGeoLib</Filter>
    </ClInclude>
    <ClInclude Include="MathGeoLib\Include\MathBuildConfig.h">
      <Filter>Resources\MathGeoLib</Filter>
    </ClInclude>
    <ClInclude Include="Math.h">
      <Filter>Sources\Tools\Math</Filter>
    </ClInclude>
    <ClInclude Include="Random.h">
      <Filter>Sources\Tools\Random</Filter>
    </ClInclude>
    <ClInclude Include="MathGeoLib\Include\Math\assume.h">
      <Filter>Resources\MathGeoLib\src</Filter>
    </ClInclude>
    <ClInclude Include="MathGeoLib\Include\Math\BitOps.h">
      <Filter>Resources\MathGeoLib\src</Filter>
    </ClInclude>
    <ClInclude Include="MathGeoLib\Include\Math\Callstack.h">
      <Filter>Resources\MathGeoLib\src</Filter>
    </ClInclude>
    <ClInclude Include="MathGeoLib\Include\Math\FixedPoint.h">
      <Filter>Resources\MathGeoLib\src</Filter>
    </ClInclude>
    <ClInclude Include="MathGeoLib\Include\Math\float2.h">
      <Filter>Resources\MathGeoLib\src</Filter>
    </ClInclude>
    <ClInclude Include="MathGeoLib\Include\Math\float3.h">
      <Filter>Resources\MathGeoLib\src</Filter>
    </ClInclude>
    <ClInclude Include="MathGeoLib\Include\Math\float3x3.h">
      <Filter>Resources\MathGeoLib\src</Filter>
    </ClInclude>
    <ClInclude Include="MathGeoLib\Include\Math\float3x4.h">
      <Filter>Resources\MathGeoLib\src</Filter>
    </ClInclude>
    <ClInclude Include="MathGeoLib\Include\Math\float4.h">
      <Filter>Resources\MathGeoLib\src</Filter>
    </ClInclude>
    <ClInclude Include="MathGeoLib\Include\Math\float4_neon.h">
      <Filter>Resources\MathGeoLib\src</Filter>
    </ClInclude>
    <ClInclude Include="MathGeoLib\Include\Math\float4_sse.h">
      <Filter>Resources\MathGeoLib\src</Filter>
    </ClInclude>
    <ClInclude Include="MathGeoLib\Include\Math\float4d.h">
      <Filter>Resources\MathGeoLib\src</Filter>
    </ClInclude>
    <ClInclude Include="MathGeoLib\Include\Math\float4x4.h">
      <Filter>Resources\MathGeoLib\src</Filter>
    </ClInclude>
    <ClInclude Include="MathGeoLib\Include\Math\float4x4_neon.h">
      <Filter>Resources\MathGeoLib\src</Filter>
    </ClInclude>
    <ClInclude Include="MathGeoLib\Include\Math\float4x4_sse.h">
      <Filter>Resources\MathGeoLib\src</Filter>
    </ClInclude>
    <ClInclude Include="MathGeoLib\Include\Math\FloatCmp.h">
      <Filter>Resources\MathGeoLib\src</Filter>
    </ClInclude>
    <ClInclude Include="MathGeoLib\Include\Math\grisu3.h">
      <Filter>Resources\MathGeoLib\src</Filter>
    </ClInclude>
    <ClInclude Include="MathGeoLib\Include\Math\InclWindows.h">
      <Filter>Resources\MathGeoLib\src</Filter>
    </ClInclude>
    <ClInclude Include="MathGeoLib\Include\Math\MathAll.h">
      <Filter>Resources\MathGeoLib\src</Filter>
    </ClInclude>
    <ClInclude Include="MathGeoLib\Include\Math\MathConstants.h">
      <Filter>Resources\MathGeoLib\src</Filter>
    </ClInclude>
    <ClInclude Include="MathGeoLib\Include\Math\MathFunc.h">
      <Filter>Resources\MathGeoLib\src</Filter>
    </ClInclude>
    <ClInclude Include="MathGeoLib\Include\Math\MathLog.h">
      <Filter>Resources\MathGeoLib\src</Filter>
    </ClInclude>
    <ClInclude Include="MathGeoLib\Include\Math\MathNamespace.h">
      <Filter>Resources\MathGeoLib\src</Filter>
    </ClInclude>
    <ClInclude Include="MathGeoLib\Include\Math\MathTypes.h">
      <Filter>Resources\MathGeoLib\src</Filter>
    </ClInclude>
    <ClInclude Include="MathGeoLib\Include\Math\MatrixProxy.h">
      <Filter>Resources\MathGeoLib\src</Filter>
    </ClInclude>
    <ClInclude Include="MathGeoLib\Include\Math\myassert.h">
      <Filter>Resources\MathGeoLib\src</Filter>
    </ClInclude>
    <ClInclude Include="MathGeoLib\Include\Math\Polynomial.h">
      <Filter>Resources\MathGeoLib\src</Filter>
    </ClInclude>
    <ClInclude Include="MathGeoLib\Include\Math\Quat.h">
      <Filter>Resources\MathGeoLib\src</Filter>
    </ClInclude>
    <ClInclude Include="MathGeoLib\Include\Math\quat_simd.h">
      <Filter>Resources\MathGeoLib\src</Filter>
    </ClInclude>
    <ClInclude Include="MathGeoLib\Include\Math\Rect.h">
      <Filter>Resources\MathGeoLib\src</Filter>
    </ClInclude>
    <ClInclude Include="MathGeoLib\Include\Math\Reinterpret.h">
      <Filter>Resources\MathGeoLib\src</Filter>
    </ClInclude>
    <ClInclude Include="MathGeoLib\Include\Math\simd.h">
      <Filter>Resources\MathGeoLib\src</Filter>
    </ClInclude>
    <ClInclude Include="MathGeoLib\Include\Math\sse_mathfun.h">
      <Filter>Resources\MathGeoLib\src</Filter>
    </ClInclude>
    <ClInclude Include="MathGeoLib\Include\Math\SSEMath.h">
      <Filter>Resources\MathGeoLib\src</Filter>
    </ClInclude>
    <ClInclude Include="MathGeoLib\Include\Math\TransformOps.h">
      <Filter>Resources\MathGeoLib\src</Filter>
    </ClInclude>
    <ClInclude Include="MathGeoLib\Include\Geometry\AABB.h">
      <Filter>Resources\MathGeoLib\src</Filter>
    </ClInclude>
    <ClInclude Include="MathGeoLib\Include\Geometry\AABB2D.h">
      <Filter>Resources\MathGeoLib\src</Filter>
    </ClInclude>
    <ClInclude Include="MathGeoLib\Include\Geometry\Capsule.h">
      <Filter>Resources\MathGeoLib\src</Filter>
    </ClInclude>
    <ClInclude Include="MathGeoLib\Include\Geometry\Circle.h">
      <Filter>Resources\MathGeoLib\src</Filter>
    </ClInclude>
    <ClInclude Include="MathGeoLib\Include\Geometry\Frustum.h">
      <Filter>Resources\MathGeoLib\src</Filter>
    </ClInclude>
    <ClInclude Include="MathGeoLib\Include\Geometry\GeometryAll.h">
      <Filter>Resources\MathGeoLib\src</Filter>
    </ClInclude>
    <ClInclude Include="MathGeoLib\Include\Geometry\GeomType.h">
      <Filter>Resources\MathGeoLib\src</Filter>
    </ClInclude>
    <ClInclude Include="MathGeoLib\Include\Geometry\HitInfo.h">
      <Filter>Resources\MathGeoLib\src</Filter>
    </ClInclude>
    <ClInclude Include="MathGeoLib\Include\Geometry\KDTree.h">
      <Filter>Resources\MathGeoLib\src</Filter>
    </ClInclude>
    <ClInclude Include="MathGeoLib\Include\Geometry\Line.h">
      <Filter>Resources\MathGeoLib\src</Filter>
    </ClInclude>
    <ClInclude Include="MathGeoLib\Include\Geometry\LineSegment.h">
      <Filter>Resources\MathGeoLib\src</Filter>
    </ClInclude>
    <ClInclude Include="MathGeoLib\Include\Geometry\OBB.h">
      <Filter>Resources\MathGeoLib\src</Filter>
    </ClInclude>
    <ClInclude Include="MathGeoLib\Include\Geometry\PBVolume.h">
      <Filter>Resources\MathGeoLib\src</Filter>
    </ClInclude>
    <ClInclude Include="MathGeoLib\Include\Geometry\Plane.h">
      <Filter>Resources\MathGeoLib\src</Filter>
    </ClInclude>
    <ClInclude Include="MathGeoLib\Include\Geometry\Polygon.h">
      <Filter>Resources\MathGeoLib\src</Filter>
    </ClInclude>
    <ClInclude Include="MathGeoLib\Include\Geometry\Polyhedron.h">
      <Filter>Resources\MathGeoLib\src</Filter>
    </ClInclude>
    <ClInclude Include="MathGeoLib\Include\Geometry\QuadTree.h">
      <Filter>Resources\MathGeoLib\src</Filter>
    </ClInclude>
    <ClInclude Include="MathGeoLib\Include\Geometry\Ray.h">
      <Filter>Resources\MathGeoLib\src</Filter>
    </ClInclude>
    <ClInclude Include="MathGeoLib\Include\Geometry\Sphere.h">
      <Filter>Resources\MathGeoLib\src</Filter>
    </ClInclude>
    <ClInclude Include="MathGeoLib\Include\Geometry\Triangle.h">
      <Filter>Resources\MathGeoLib\src</Filter>
    </ClInclude>
    <ClInclude Include="MathGeoLib\Include\Geometry\TriangleMesh.h">
      <Filter>Resources\MathGeoLib\src</Filter>
    </ClInclude>
    <ClInclude Include="MathGeoLib\Include\Algorithm\Random\LCG.h">
      <Filter>Resources\MathGeoLib\src</Filter>
    </ClInclude>
    <ClInclude Include="MathGeoLib\Include\Time\Clock.h">
      <Filter>Resources\MathGeoLib\src</Filter>
    </ClInclude>
    <ClInclude Include="MathGeoLib\Include\MathGeoLibFwd.h">
      <Filter>Resources\MathGeoLib\src</Filter>
    </ClInclude>
    <ClInclude Include="MathGeoLib\Include\Algorithm\GJK.h">
      <Filter>Resources\MathGeoLib\src</Filter>
    </ClInclude>
    <ClInclude Include="MathGeoLib\Include\Algorithm\SAT.h">
      <Filter>Resources\MathGeoLib\src</Filter>
    </ClInclude>
    <ClInclude Include="JSON\parson.h">
      <Filter>Sources\Tools\JSON</Filter>
    </ClInclude>
    <ClInclude Include="OpenGl.h">
      <Filter>Resources\OpenGl</Filter>
    </ClInclude>
    <ClInclude Include="WinProperties.h">
      <Filter>Sources\Editor\WinProperties</Filter>
    </ClInclude>
    <ClInclude Include="Bar.h">
      <Filter>Sources\Editor\Bar</Filter>
    </ClInclude>
    <ClInclude Include="WinConsole.h">
      <Filter>Sources\Editor\WinConsole</Filter>
    </ClInclude>
    <ClInclude Include="WinConfiguration.h">
      <Filter>Sources\Editor\WinConfiguration</Filter>
    </ClInclude>
    <ClInclude Include="ImGuiDemo.h">
      <Filter>Sources\Editor\ImGuiDemo</Filter>
    </ClInclude>
    <ClInclude Include="Light.h">
      <Filter>Sources\Helpers\Light</Filter>
    </ClInclude>
    <ClInclude Include="Primitive.h">
      <Filter>Sources\Helpers\Primitive</Filter>
    </ClInclude>
    <ClInclude Include="ModuleCamera3D.h">
      <Filter>Sources\Modules\ModuleCamera3D</Filter>
    </ClInclude>
    <ClInclude Include="ModuleEditor.h">
      <Filter>Sources\Modules\ModuleEditor</Filter>
    </ClInclude>
    <ClInclude Include="ModuleFBXLoader.h">
      <Filter>Sources\Modules\ModuleFBXLoader</Filter>
    </ClInclude>
    <ClInclude Include="ModuleFileSystem.h">
      <Filter>Sources\Modules\ModuleFileSystem</Filter>
    </ClInclude>
    <ClInclude Include="ModuleInput.h">
      <Filter>Sources\Modules\ModuleInput</Filter>
    </ClInclude>
    <ClInclude Include="ModuleRenderer3D.h">
      <Filter>Sources\Modules\ModuleRenderer3D</Filter>
    </ClInclude>
    <ClInclude Include="ModuleSceneEdit.h">
      <Filter>Sources\Modules\ModuleSceneEdit</Filter>
    </ClInclude>
    <ClInclude Include="ModuleWindow.h">
      <Filter>Sources\Modules\ModuleWindow</Filter>
    </ClInclude>
    <ClInclude Include="EditorWindow.h">
      <Filter>Sources\Editor</Filter>
    </ClInclude>
    <ClInclude Include="GameObject.h">
      <Filter>Sources\Components</Filter>
    </ClInclude>
    <ClInclude Include="Component.h">
      <Filter>Sources\Components</Filter>
    </ClInclude>
    <ClInclude Include="WinHierarchy.h">
      <Filter>Sources\Editor\WinHierarchy</Filter>
    </ClInclude>
    <ClInclude Include="ComponentTransform.h">
      <Filter>Sources\Components</Filter>
    </ClInclude>
    <ClInclude Include="ComponentMesh.h">
      <Filter>Sources\Components</Filter>
    </ClInclude>
    <ClInclude Include="ComponentMaterial.h">
      <Filter>Sources\Components</Filter>
    </ClInclude>
    <ClInclude Include="Importer.h">
      <Filter>Sources\Importer</Filter>
    </ClInclude>
    <ClInclude Include="ImporterMesh.h">
      <Filter>Sources\Importer</Filter>
    </ClInclude>
    <ClInclude Include="ImporterMaterial.h">
      <Filter>Sources\Importer</Filter>
    </ClInclude>
    <ClInclude Include="ComponentCamera.h">
      <Filter>Sources\Components</Filter>
    </ClInclude>
  </ItemGroup>
  <ItemGroup>
    <ClCompile Include="log.cpp">
      <Filter>Sources\Tools</Filter>
    </ClCompile>
    <ClCompile Include="Timer.cpp">
      <Filter>Sources\Tools</Filter>
    </ClCompile>
    <ClCompile Include="Application.cpp">
      <Filter>Sources</Filter>
    </ClCompile>
    <ClCompile Include="Main.cpp">
      <Filter>Sources</Filter>
    </ClCompile>
    <ClCompile Include="glmath.cpp">
      <Filter>Sources\Containers</Filter>
    </ClCompile>
    <ClCompile Include="Color.cpp">
      <Filter>Sources\Containers</Filter>
    </ClCompile>
    <ClCompile Include="Imgui\imgui.cpp">
      <Filter>Resources\Imgui</Filter>
    </ClCompile>
    <ClCompile Include="Imgui\imgui_demo.cpp">
      <Filter>Resources\Imgui</Filter>
    </ClCompile>
    <ClCompile Include="Imgui\imgui_draw.cpp">
      <Filter>Resources\Imgui</Filter>
    </ClCompile>
    <ClCompile Include="Imgui\imgui_impl_sdl_gl3.cpp">
      <Filter>Resources\Imgui</Filter>
    </ClCompile>
    <ClCompile Include="MathGeoLib\Include\Math\BitOps.cpp">
      <Filter>Resources\MathGeoLib\src</Filter>
    </ClCompile>
    <ClCompile Include="MathGeoLib\Include\Math\Callstack.cpp">
      <Filter>Resources\MathGeoLib\src</Filter>
    </ClCompile>
    <ClCompile Include="MathGeoLib\Include\Math\float2.cpp">
      <Filter>Resources\MathGeoLib\src</Filter>
    </ClCompile>
    <ClCompile Include="MathGeoLib\Include\Math\float3.cpp">
      <Filter>Resources\MathGeoLib\src</Filter>
    </ClCompile>
    <ClCompile Include="MathGeoLib\Include\Math\float3x3.cpp">
      <Filter>Resources\MathGeoLib\src</Filter>
    </ClCompile>
    <ClCompile Include="MathGeoLib\Include\Math\float3x4.cpp">
      <Filter>Resources\MathGeoLib\src</Filter>
    </ClCompile>
    <ClCompile Include="MathGeoLib\Include\Math\float4.cpp">
      <Filter>Resources\MathGeoLib\src</Filter>
    </ClCompile>
    <ClCompile Include="MathGeoLib\Include\Math\float4d.cpp">
      <Filter>Resources\MathGeoLib\src</Filter>
    </ClCompile>
    <ClCompile Include="MathGeoLib\Include\Math\float4x4.cpp">
      <Filter>Resources\MathGeoLib\src</Filter>
    </ClCompile>
    <ClCompile Include="MathGeoLib\Include\Math\grisu3.c">
      <Filter>Resources\MathGeoLib\src</Filter>
    </ClCompile>
    <ClCompile Include="MathGeoLib\Include\Math\grisu3_cpp.cpp">
      <Filter>Resources\MathGeoLib\src</Filter>
    </ClCompile>
    <ClCompile Include="MathGeoLib\Include\Math\MathFunc.cpp">
      <Filter>Resources\MathGeoLib\src</Filter>
    </ClCompile>
    <ClCompile Include="MathGeoLib\Include\Math\MathLog.cpp">
      <Filter>Resources\MathGeoLib\src</Filter>
    </ClCompile>
    <ClCompile Include="MathGeoLib\Include\Math\MathOps.cpp">
      <Filter>Resources\MathGeoLib\src</Filter>
    </ClCompile>
    <ClCompile Include="MathGeoLib\Include\Math\Polynomial.cpp">
      <Filter>Resources\MathGeoLib\src</Filter>
    </ClCompile>
    <ClCompile Include="MathGeoLib\Include\Math\Quat.cpp">
      <Filter>Resources\MathGeoLib\src</Filter>
    </ClCompile>
    <ClCompile Include="MathGeoLib\Include\Math\SSEMath.cpp">
      <Filter>Resources\MathGeoLib\src</Filter>
    </ClCompile>
    <ClCompile Include="MathGeoLib\Include\Math\TransformOps.cpp">
      <Filter>Resources\MathGeoLib\src</Filter>
    </ClCompile>
    <ClCompile Include="MathGeoLib\Include\Geometry\AABB.cpp">
      <Filter>Resources\MathGeoLib\src</Filter>
    </ClCompile>
    <ClCompile Include="MathGeoLib\Include\Geometry\Capsule.cpp">
      <Filter>Resources\MathGeoLib\src</Filter>
    </ClCompile>
    <ClCompile Include="MathGeoLib\Include\Geometry\Circle.cpp">
      <Filter>Resources\MathGeoLib\src</Filter>
    </ClCompile>
    <ClCompile Include="MathGeoLib\Include\Geometry\Frustum.cpp">
      <Filter>Resources\MathGeoLib\src</Filter>
    </ClCompile>
    <ClCompile Include="MathGeoLib\Include\Geometry\Line.cpp">
      <Filter>Resources\MathGeoLib\src</Filter>
    </ClCompile>
    <ClCompile Include="MathGeoLib\Include\Geometry\LineSegment.cpp">
      <Filter>Resources\MathGeoLib\src</Filter>
    </ClCompile>
    <ClCompile Include="MathGeoLib\Include\Geometry\OBB.cpp">
      <Filter>Resources\MathGeoLib\src</Filter>
    </ClCompile>
    <ClCompile Include="MathGeoLib\Include\Geometry\PBVolume.cpp">
      <Filter>Resources\MathGeoLib\src</Filter>
    </ClCompile>
    <ClCompile Include="MathGeoLib\Include\Geometry\Plane.cpp">
      <Filter>Resources\MathGeoLib\src</Filter>
    </ClCompile>
    <ClCompile Include="MathGeoLib\Include\Geometry\Polygon.cpp">
      <Filter>Resources\MathGeoLib\src</Filter>
    </ClCompile>
    <ClCompile Include="MathGeoLib\Include\Geometry\Polyhedron.cpp">
      <Filter>Resources\MathGeoLib\src</Filter>
    </ClCompile>
    <ClCompile Include="MathGeoLib\Include\Geometry\Ray.cpp">
      <Filter>Resources\MathGeoLib\src</Filter>
    </ClCompile>
    <ClCompile Include="MathGeoLib\Include\Geometry\Sphere.cpp">
      <Filter>Resources\MathGeoLib\src</Filter>
    </ClCompile>
    <ClCompile Include="MathGeoLib\Include\Geometry\Triangle.cpp">
      <Filter>Resources\MathGeoLib\src</Filter>
    </ClCompile>
    <ClCompile Include="MathGeoLib\Include\Geometry\TriangleMesh.cpp">
      <Filter>Resources\MathGeoLib\src</Filter>
    </ClCompile>
    <ClCompile Include="MathGeoLib\Include\Algorithm\Random\LCG.cpp">
      <Filter>Resources\MathGeoLib\src</Filter>
    </ClCompile>
    <ClCompile Include="MathGeoLib\Include\Time\Clock.cpp">
      <Filter>Resources\MathGeoLib\src</Filter>
    </ClCompile>
    <ClCompile Include="MathGeoLib\Include\Algorithm\GJK.cpp">
      <Filter>Resources\MathGeoLib\src</Filter>
    </ClCompile>
    <ClCompile Include="Random.cpp">
      <Filter>Sources\Tools\Random</Filter>
    </ClCompile>
    <ClCompile Include="JSON\parson.c">
      <Filter>Sources\Tools\JSON</Filter>
    </ClCompile>
    <ClCompile Include="WinProperties.cpp">
      <Filter>Sources\Editor\WinProperties</Filter>
    </ClCompile>
    <ClCompile Include="Bar.cpp">
      <Filter>Sources\Editor\Bar</Filter>
    </ClCompile>
    <ClCompile Include="WinConsole.cpp">
      <Filter>Sources\Editor\WinConsole</Filter>
    </ClCompile>
    <ClCompile Include="WinConfiguration.cpp">
      <Filter>Sources\Editor\WinConfiguration</Filter>
    </ClCompile>
    <ClCompile Include="ImGuiDemo.cpp">
      <Filter>Sources\Editor\ImGuiDemo</Filter>
    </ClCompile>
    <ClCompile Include="Light.cpp">
      <Filter>Sources\Helpers\Light</Filter>
    </ClCompile>
    <ClCompile Include="Primitive.cpp">
      <Filter>Sources\Helpers\Primitive</Filter>
    </ClCompile>
    <ClCompile Include="ModuleCamera3D.cpp">
      <Filter>Sources\Modules\ModuleCamera3D</Filter>
    </ClCompile>
    <ClCompile Include="ModuleEditor.cpp">
      <Filter>Sources\Modules\ModuleEditor</Filter>
    </ClCompile>
    <ClCompile Include="ModuleFBXLoader.cpp">
      <Filter>Sources\Modules\ModuleFBXLoader</Filter>
    </ClCompile>
    <ClCompile Include="ModuleFileSystem.cpp">
      <Filter>Sources\Modules\ModuleFileSystem</Filter>
    </ClCompile>
    <ClCompile Include="ModuleInput.cpp">
      <Filter>Sources\Modules\ModuleInput</Filter>
    </ClCompile>
    <ClCompile Include="ModuleRenderer3D.cpp">
      <Filter>Sources\Modules\ModuleRenderer3D</Filter>
    </ClCompile>
    <ClCompile Include="ModuleSceneEdit.cpp">
      <Filter>Sources\Modules\ModuleSceneEdit</Filter>
    </ClCompile>
    <ClCompile Include="ModuleWindow.cpp">
      <Filter>Sources\Modules\ModuleWindow</Filter>
    </ClCompile>
    <ClCompile Include="EditorWindow.cpp">
      <Filter>Sources\Editor</Filter>
    </ClCompile>
    <ClCompile Include="GameObject.cpp">
      <Filter>Sources\Components</Filter>
    </ClCompile>
    <ClCompile Include="WinHierarchy.cpp">
      <Filter>Sources\Editor\WinHierarchy</Filter>
    </ClCompile>
    <ClCompile Include="ComponentTransform.cpp">
      <Filter>Sources\Components</Filter>
    </ClCompile>
    <ClCompile Include="ComponentMesh.cpp">
      <Filter>Sources\Components</Filter>
    </ClCompile>
    <ClCompile Include="ComponentMaterial.cpp">
      <Filter>Sources\Components</Filter>
    </ClCompile>
    <ClCompile Include="Component.cpp">
      <Filter>Sources\Components</Filter>
    </ClCompile>
    <ClCompile Include="ImporterMesh.cpp">
      <Filter>Sources\Importer</Filter>
    </ClCompile>
    <ClCompile Include="ImporterMaterial.cpp">
      <Filter>Sources\Importer</Filter>
    </ClCompile>
    <ClCompile Include="ComponentCamera.cpp">
      <Filter>Sources\Components</Filter>
    </ClCompile>
  </ItemGroup>
  <ItemGroup>
    <None Include="ListIterator.snippet">
      <Filter>Sources\Snippets</Filter>
    </None>
    <None Include="MathGeoLib\Include\Math\float2.inl">
      <Filter>Resources\MathGeoLib\src</Filter>
    </None>
    <None Include="MathGeoLib\Include\Math\Matrix.inl">
      <Filter>Resources\MathGeoLib\src</Filter>
    </None>
    <None Include="MathGeoLib\Include\Geometry\KDTree.inl">
      <Filter>Resources\MathGeoLib\src</Filter>
    </None>
    <None Include="MathGeoLib\Include\Geometry\QuadTree.inl">
      <Filter>Resources\MathGeoLib\src</Filter>
    </None>
    <None Include="MathGeoLib\Include\Geometry\TriangleMesh_IntersectRay_AVX.inl">
      <Filter>Resources\MathGeoLib\src</Filter>
    </None>
    <None Include="MathGeoLib\Include\Geometry\TriangleMesh_IntersectRay_CPP.inl">
      <Filter>Resources\MathGeoLib\src</Filter>
    </None>
    <None Include="MathGeoLib\Include\Geometry\TriangleMesh_IntersectRay_SSE.inl">
      <Filter>Resources\MathGeoLib\src</Filter>
    </None>
  </ItemGroup>
</Project>